
Microsoft Visual Studio Solution File, Format Version 12.00
# Visual Studio 15
VisualStudioVersion = 15.0.28010.2019
MinimumVisualStudioVersion = 10.0.40219.1
Project("{9A19103F-16F7-4668-BE54-9A1E7A4F7556}") = "OresundBilletLibrary", "OresundBilletLibrary\OresundBilletLibrary.csproj", "{7CD3B6CD-4A2A-4153-BFAA-826468EE9E20}"
EndProject
Project("{9A19103F-16F7-4668-BE54-9A1E7A4F7556}") = "OresundBilletLibraryTests", "OresundBilletLibraryTests\OresundBilletLibraryTests.csproj", "{A6C2F8A8-0F91-4A7D-8484-E8DE2176B022}"
EndProject
Project("{9A19103F-16F7-4668-BE54-9A1E7A4F7556}") = "BilletKundeAppTests", "BilletKundeAppTests\BilletKundeAppTests.csproj", "{DF4D806E-654C-4C2B-B30B-341BCFF5123E}"
EndProject
Project("{9A19103F-16F7-4668-BE54-9A1E7A4F7556}") = "BilletKundeApp", "BilletKundeApp\BilletKundeApp.csproj", "{DF7712C9-A5E9-4CA6-9B68-9E7A292BB1D5}"
EndProject
Global
	GlobalSection(SolutionConfigurationPlatforms) = preSolution
		Debug|Any CPU = Debug|Any CPU
		Debug|ARM = Debug|ARM
		Debug|x64 = Debug|x64
		Debug|x86 = Debug|x86
		Release|Any CPU = Release|Any CPU
		Release|ARM = Release|ARM
		Release|x64 = Release|x64
		Release|x86 = Release|x86
	EndGlobalSection
	GlobalSection(ProjectConfigurationPlatforms) = postSolution
		{7CD3B6CD-4A2A-4153-BFAA-826468EE9E20}.Debug|Any CPU.ActiveCfg = Debug|Any CPU
		{7CD3B6CD-4A2A-4153-BFAA-826468EE9E20}.Debug|Any CPU.Build.0 = Debug|Any CPU
		{7CD3B6CD-4A2A-4153-BFAA-826468EE9E20}.Debug|ARM.ActiveCfg = Debug|Any CPU
		{7CD3B6CD-4A2A-4153-BFAA-826468EE9E20}.Debug|ARM.Build.0 = Debug|Any CPU
		{7CD3B6CD-4A2A-4153-BFAA-826468EE9E20}.Debug|x64.ActiveCfg = Debug|Any CPU
		{7CD3B6CD-4A2A-4153-BFAA-826468EE9E20}.Debug|x64.Build.0 = Debug|Any CPU
		{7CD3B6CD-4A2A-4153-BFAA-826468EE9E20}.Debug|x86.ActiveCfg = Debug|Any CPU
		{7CD3B6CD-4A2A-4153-BFAA-826468EE9E20}.Debug|x86.Build.0 = Debug|Any CPU
		{7CD3B6CD-4A2A-4153-BFAA-826468EE9E20}.Release|Any CPU.ActiveCfg = Release|Any CPU
		{7CD3B6CD-4A2A-4153-BFAA-826468EE9E20}.Release|Any CPU.Build.0 = Release|Any CPU
		{7CD3B6CD-4A2A-4153-BFAA-826468EE9E20}.Release|ARM.ActiveCfg = Release|Any CPU
		{7CD3B6CD-4A2A-4153-BFAA-826468EE9E20}.Release|ARM.Build.0 = Release|Any CPU
		{7CD3B6CD-4A2A-4153-BFAA-826468EE9E20}.Release|x64.ActiveCfg = Release|Any CPU
		{7CD3B6CD-4A2A-4153-BFAA-826468EE9E20}.Release|x64.Build.0 = Release|Any CPU
		{7CD3B6CD-4A2A-4153-BFAA-826468EE9E20}.Release|x86.ActiveCfg = Release|Any CPU
		{7CD3B6CD-4A2A-4153-BFAA-826468EE9E20}.Release|x86.Build.0 = Release|Any CPU
		{A6C2F8A8-0F91-4A7D-8484-E8DE2176B022}.Debug|Any CPU.ActiveCfg = Debug|Any CPU
		{A6C2F8A8-0F91-4A7D-8484-E8DE2176B022}.Debug|Any CPU.Build.0 = Debug|Any CPU
		{A6C2F8A8-0F91-4A7D-8484-E8DE2176B022}.Debug|ARM.ActiveCfg = Debug|Any CPU
		{A6C2F8A8-0F91-4A7D-8484-E8DE2176B022}.Debug|ARM.Build.0 = Debug|Any CPU
		{A6C2F8A8-0F91-4A7D-8484-E8DE2176B022}.Debug|x64.ActiveCfg = Debug|Any CPU
		{A6C2F8A8-0F91-4A7D-8484-E8DE2176B022}.Debug|x64.Build.0 = Debug|Any CPU
		{A6C2F8A8-0F91-4A7D-8484-E8DE2176B022}.Debug|x86.ActiveCfg = Debug|Any CPU
		{A6C2F8A8-0F91-4A7D-8484-E8DE2176B022}.Debug|x86.Build.0 = Debug|Any CPU
		{A6C2F8A8-0F91-4A7D-8484-E8DE2176B022}.Release|Any CPU.ActiveCfg = Release|Any CPU
		{A6C2F8A8-0F91-4A7D-8484-E8DE2176B022}.Release|Any CPU.Build.0 = Release|Any CPU
		{A6C2F8A8-0F91-4A7D-8484-E8DE2176B022}.Release|ARM.ActiveCfg = Release|Any CPU
		{A6C2F8A8-0F91-4A7D-8484-E8DE2176B022}.Release|ARM.Build.0 = Release|Any CPU
		{A6C2F8A8-0F91-4A7D-8484-E8DE2176B022}.Release|x64.ActiveCfg = Release|Any CPU
		{A6C2F8A8-0F91-4A7D-8484-E8DE2176B022}.Release|x64.Build.0 = Release|Any CPU
		{A6C2F8A8-0F91-4A7D-8484-E8DE2176B022}.Release|x86.ActiveCfg = Release|Any CPU
		{A6C2F8A8-0F91-4A7D-8484-E8DE2176B022}.Release|x86.Build.0 = Release|Any CPU
		{DF4D806E-654C-4C2B-B30B-341BCFF5123E}.Debug|Any CPU.ActiveCfg = Debug|Any CPU
		{DF4D806E-654C-4C2B-B30B-341BCFF5123E}.Debug|Any CPU.Build.0 = Debug|Any CPU
		{DF4D806E-654C-4C2B-B30B-341BCFF5123E}.Debug|ARM.ActiveCfg = Debug|Any CPU
		{DF4D806E-654C-4C2B-B30B-341BCFF5123E}.Debug|ARM.Build.0 = Debug|Any CPU
		{DF4D806E-654C-4C2B-B30B-341BCFF5123E}.Debug|x64.ActiveCfg = Debug|Any CPU
		{DF4D806E-654C-4C2B-B30B-341BCFF5123E}.Debug|x64.Build.0 = Debug|Any CPU
		{DF4D806E-654C-4C2B-B30B-341BCFF5123E}.Debug|x86.ActiveCfg = Debug|Any CPU
		{DF4D806E-654C-4C2B-B30B-341BCFF5123E}.Debug|x86.Build.0 = Debug|Any CPU
		{DF4D806E-654C-4C2B-B30B-341BCFF5123E}.Release|Any CPU.ActiveCfg = Release|Any CPU
		{DF4D806E-654C-4C2B-B30B-341BCFF5123E}.Release|Any CPU.Build.0 = Release|Any CPU
		{DF4D806E-654C-4C2B-B30B-341BCFF5123E}.Release|ARM.ActiveCfg = Release|Any CPU
		{DF4D806E-654C-4C2B-B30B-341BCFF5123E}.Release|ARM.Build.0 = Release|Any CPU
		{DF4D806E-654C-4C2B-B30B-341BCFF5123E}.Release|x64.ActiveCfg = Release|Any CPU
		{DF4D806E-654C-4C2B-B30B-341BCFF5123E}.Release|x64.Build.0 = Release|Any CPU
		{DF4D806E-654C-4C2B-B30B-341BCFF5123E}.Release|x86.ActiveCfg = Release|Any CPU
		{DF4D806E-654C-4C2B-B30B-341BCFF5123E}.Release|x86.Build.0 = Release|Any CPU
		{DF7712C9-A5E9-4CA6-9B68-9E7A292BB1D5}.Debug|Any CPU.ActiveCfg = Debug|Any CPU
		{DF7712C9-A5E9-4CA6-9B68-9E7A292BB1D5}.Debug|Any CPU.Build.0 = Debug|Any CPU
		{DF7712C9-A5E9-4CA6-9B68-9E7A292BB1D5}.Debug|ARM.ActiveCfg = Debug|Any CPU
		{DF7712C9-A5E9-4CA6-9B68-9E7A292BB1D5}.Debug|ARM.Build.0 = Debug|Any CPU
		{DF7712C9-A5E9-4CA6-9B68-9E7A292BB1D5}.Debug|x64.ActiveCfg = Debug|Any CPU
		{DF7712C9-A5E9-4CA6-9B68-9E7A292BB1D5}.Debug|x64.Build.0 = Debug|Any CPU
		{DF7712C9-A5E9-4CA6-9B68-9E7A292BB1D5}.Debug|x86.ActiveCfg = Debug|Any CPU
		{DF7712C9-A5E9-4CA6-9B68-9E7A292BB1D5}.Debug|x86.Build.0 = Debug|Any CPU
		{DF7712C9-A5E9-4CA6-9B68-9E7A292BB1D5}.Release|Any CPU.ActiveCfg = Release|Any CPU
		{DF7712C9-A5E9-4CA6-9B68-9E7A292BB1D5}.Release|Any CPU.Build.0 = Release|Any CPU
		{DF7712C9-A5E9-4CA6-9B68-9E7A292BB1D5}.Release|ARM.ActiveCfg = Release|Any CPU
		{DF7712C9-A5E9-4CA6-9B68-9E7A292BB1D5}.Release|ARM.Build.0 = Release|Any CPU
		{DF7712C9-A5E9-4CA6-9B68-9E7A292BB1D5}.Release|x64.ActiveCfg = Release|Any CPU
		{DF7712C9-A5E9-4CA6-9B68-9E7A292BB1D5}.Release|x64.Build.0 = Release|Any CPU
		{DF7712C9-A5E9-4CA6-9B68-9E7A292BB1D5}.Release|x86.ActiveCfg = Release|Any CPU
		{DF7712C9-A5E9-4CA6-9B68-9E7A292BB1D5}.Release|x86.Build.0 = Release|Any CPU
	EndGlobalSection
	GlobalSection(SolutionProperties) = preSolution
		HideSolutionNode = FALSE
	EndGlobalSection
	GlobalSection(ExtensibilityGlobals) = postSolution
		SolutionGuid = {7CD4AF43-1199-409A-AD4F-37232622BED8}
	EndGlobalSection
EndGlobal
